{
  "name": "js",
  "lockfileVersion": 2,
  "requires": true,
  "packages": {
    "": {
      "dependencies": {
        "webdav.client": "latest"
      }
    },
    "node_modules/webdav.client": {
      "version": "5.21.6101",
      "resolved": "https://registry.npmjs.org/webdav.client/-/webdav.client-5.21.6101.tgz",
      "integrity": "sha512-mmWrCYWCo8rWmqXlCQ3NuLC/4w8Vzzo4k2ryAfqLDw2fiOZbC7WfQrta08lpVzva/3w/H/B/6anRoYbFsqkG0Q=="
    }
  },
  "dependencies": {
    "webdav.client": {
      "version": "5.21.6101",
      "resolved": "https://registry.npmjs.org/webdav.client/-/webdav.client-5.21.6101.tgz",
      "integrity": "sha512-mmWrCYWCo8rWmqXlCQ3NuLC/4w8Vzzo4k2ryAfqLDw2fiOZbC7WfQrta08lpVzva/3w/H/B/6anRoYbFsqkG0Q=="
    }
  }
}
