{
  "name": "js",
  "lockfileVersion": 2,
  "requires": true,
  "packages": {
    "": {
      "dependencies": {
        "webdav.client": "latest"
      }
    },
    "node_modules/webdav.client": {
      "version": "6.2.8935",
      "resolved": "https://registry.npmjs.org/webdav.client/-/webdav.client-6.2.8935.tgz",
      "integrity": "sha512-Wh0uh6zW9mf9twh4CNnjton9FKeAT+NF9hakGQmPhofOfM6nd3RElLRR30QdeFGUzsBolwQk6APFcUP1uqX6HA=="
    }
  },
  "dependencies": {
    "webdav.client": {
      "version": "6.2.8935",
      "resolved": "https://registry.npmjs.org/webdav.client/-/webdav.client-6.2.8935.tgz",
      "integrity": "sha512-Wh0uh6zW9mf9twh4CNnjton9FKeAT+NF9hakGQmPhofOfM6nd3RElLRR30QdeFGUzsBolwQk6APFcUP1uqX6HA=="
    }
  }
}
