{
  "name": "js",
  "lockfileVersion": 2,
  "requires": true,
  "packages": {
    "": {
      "dependencies": {
        "webdav.client": "latest"
      }
    },
    "node_modules/webdav.client": {
      "version": "5.21.5971",
      "resolved": "https://registry.npmjs.org/webdav.client/-/webdav.client-5.21.5971.tgz",
      "integrity": "sha512-b6aJRoYd+D942JXM9mtX2PoLCiysXoxpVajNxGO5VjuGls8jR4J9iKn0sWshiC6PEjMRhoVDZEyNxhusP9vjNw=="
    }
  },
  "dependencies": {
    "webdav.client": {
      "version": "5.21.5971",
      "resolved": "https://registry.npmjs.org/webdav.client/-/webdav.client-5.21.5971.tgz",
      "integrity": "sha512-b6aJRoYd+D942JXM9mtX2PoLCiysXoxpVajNxGO5VjuGls8jR4J9iKn0sWshiC6PEjMRhoVDZEyNxhusP9vjNw=="
    }
  }
}
